{
  "name": "pi-packages-workspace",
  "version": "0.0.0",
  "lockfileVersion": 3,
  "requires": true,
  "packages": {
    "": {
      "name": "pi-packages-workspace",
      "version": "0.0.0",
      "workspaces": [
        "packages/*"
      ],
      "engines": {
        "node": ">=20"
      }
    },
    "node_modules/effect-mode": {
      "resolved": "packages/effect-mode",
      "link": true
    },
    "node_modules/pi-git-context": {
      "resolved": "packages/pi-git-context",
      "link": true
    },
    "node_modules/pi-model-performance": {
      "resolved": "packages/pi-model-performance",
      "link": true
    },
    "packages/effect-mode": {
      "version": "0.1.2",
      "license": "MIT",
      "peerDependencies": {
        "@mariozechner/pi-coding-agent": "*",
        "@mariozechner/pi-tui": "*",
        "@sinclair/typebox": "*"
      }
    },
    "packages/pi-git-context": {
      "version": "0.1.3",
      "license": "MIT",
      "peerDependencies": {
        "@mariozechner/pi-coding-agent": "*",
        "@sinclair/typebox": "*"
      }
    },
    "packages/pi-model-performance": {
      "version": "0.1.0",
      "license": "MIT",
      "peerDependencies": {
        "@mariozechner/pi-coding-agent": "*"
      }
    }
  }
}
